<?xml version="1.0" encoding="UTF-8" standalone="yes" ?>
<CodeBlocks_project_file>
	<FileVersion major="1" minor="6" />
	<Project>
		<Option title="myRBTree" />
		<Option pch_mode="2" />
		<Option compiler="gcc" />
		<Build>
			<Target title="Debug">
				<Option output="bin/Debug/myRBTree" prefix_auto="1" extension_auto="1" />
				<Option object_output="bin/obj/Debug/" />
				<Option type="1" />
				<Option compiler="gcc" />
				<Compiler>
					<Add option="-g" />
					<Add option="-D __debug" />
				</Compiler>
			</Target>
			<Target title="Release">
				<Option output="bin/Release/myRBTree" prefix_auto="1" extension_auto="1" />
				<Option object_output="bin/obj/Release/" />
				<Option type="1" />
				<Option compiler="gcc" />
				<Compiler>
					<Add option="-O2" />
				</Compiler>
				<Linker>
					<Add option="-s" />
				</Linker>
			</Target>
		</Build>
		<Compiler>
			<Add option="-Wall" />
			<Add directory="rbtree" />
			<Add directory="include" />
		</Compiler>
		<Unit filename="include/rbtree.h" />
		<Unit filename="include/rbtree_string.h" />
		<Unit filename="src/main.c">
			<Option compilerVar="CC" />
		</Unit>
		<Unit filename="src/rbtree.c">
			<Option compilerVar="CC" />
		</Unit>
		<Unit filename="src/rbtree_detach.inl.h" />
		<Unit filename="src/rbtree_detach_BlackLeaf.inl.h" />
		<Unit filename="src/rbtree_final.h" />
		<Unit filename="src/rbtree_insert.inl.h" />
		<Unit filename="src/rbtree_insert_RedParent.inl.h" />
		<Unit filename="src/rbtree_lookup.inl.h" />
		<Unit filename="src/rbtree_prev_next.inl.h" />
		<Unit filename="src/rbtree_print.inl.h" />
		<Unit filename="src/rbtree_rotate.inl.h" />
		<Unit filename="src/rbtree_string.c">
			<Option compilerVar="CC" />
		</Unit>
		<Extensions>
			<code_completion />
			<envvars />
			<debugger />
		</Extensions>
	</Project>
</CodeBlocks_project_file>
